
Microsoft Visual Studio Solution File, Format Version 12.00
# Visual Studio Version 16
VisualStudioVersion = 16.0.30907.101
MinimumVisualStudioVersion = 10.0.40219.1
Project("{FAE04EC0-301F-11D3-BF4B-00C04F79EFBC}") = "ETicaret", "ETicaret\ETicaret.csproj", "{8617FAE4-993B-406E-9E26-6B7AA396012F}"
EndProject
Global
	GlobalSection(SolutionConfigurationPlatforms) = preSolution
		Debug|Any CPU = Debug|Any CPU
		Release|Any CPU = Release|Any CPU
	EndGlobalSection
	GlobalSection(ProjectConfigurationPlatforms) = postSolution
		{8617FAE4-993B-406E-9E26-6B7AA396012F}.Debug|Any CPU.ActiveCfg = Debug|Any CPU
		{8617FAE4-993B-406E-9E26-6B7AA396012F}.Debug|Any CPU.Build.0 = Debug|Any CPU
		{8617FAE4-993B-406E-9E26-6B7AA396012F}.Release|Any CPU.ActiveCfg = Release|Any CPU
		{8617FAE4-993B-406E-9E26-6B7AA396012F}.Release|Any CPU.Build.0 = Release|Any CPU
	EndGlobalSection
	GlobalSection(SolutionProperties) = preSolution
		HideSolutionNode = FALSE
	EndGlobalSection
	GlobalSection(ExtensibilityGlobals) = postSolution
		SolutionGuid = {F7E1472C-F674-4604-A318-EAE83781204F}
	EndGlobalSection
EndGlobal
